
Microsoft Visual Studio Solution File, Format Version 12.00
# Visual Studio Version 17
VisualStudioVersion = 17.3.32804.467
MinimumVisualStudioVersion = 10.0.40219.1
Project("{FAE04EC0-301F-11D3-BF4B-00C04F79EFBC}") = "School", "School\School.csproj", "{8FE94A3F-7DD0-414F-8D6D-4F0C2A3CF760}"
EndProject
Project("{FAE04EC0-301F-11D3-BF4B-00C04F79EFBC}") = "GradesPrototype", "GradesPrototype\GradesPrototype.csproj", "{8E5FC82F-F511-4FA3-9733-5AC0A4113CEE}"
EndProject
Project("{FAE04EC0-301F-11D3-BF4B-00C04F79EFBC}") = "GradesTest", "GradesTest\GradesTest.csproj", "{25C6C4F0-70CE-4C2A-B598-05A3DCAD461B}"
EndProject
Project("{FAE04EC0-301F-11D3-BF4B-00C04F79EFBC}") = "Grades.DataModel", "Grades.DataModel\Grades.DataModel.csproj", "{68AAE8D9-2F86-4280-BC95-5E7C262F5229}"
EndProject
Global
	GlobalSection(SolutionConfigurationPlatforms) = preSolution
		Debug|Any CPU = Debug|Any CPU
		Release|Any CPU = Release|Any CPU
	EndGlobalSection
	GlobalSection(ProjectConfigurationPlatforms) = postSolution
		{8FE94A3F-7DD0-414F-8D6D-4F0C2A3CF760}.Debug|Any CPU.ActiveCfg = Debug|Any CPU
		{8FE94A3F-7DD0-414F-8D6D-4F0C2A3CF760}.Debug|Any CPU.Build.0 = Debug|Any CPU
		{8FE94A3F-7DD0-414F-8D6D-4F0C2A3CF760}.Release|Any CPU.ActiveCfg = Release|Any CPU
		{8FE94A3F-7DD0-414F-8D6D-4F0C2A3CF760}.Release|Any CPU.Build.0 = Release|Any CPU
		{8E5FC82F-F511-4FA3-9733-5AC0A4113CEE}.Debug|Any CPU.ActiveCfg = Debug|Any CPU
		{8E5FC82F-F511-4FA3-9733-5AC0A4113CEE}.Debug|Any CPU.Build.0 = Debug|Any CPU
		{8E5FC82F-F511-4FA3-9733-5AC0A4113CEE}.Release|Any CPU.ActiveCfg = Release|Any CPU
		{8E5FC82F-F511-4FA3-9733-5AC0A4113CEE}.Release|Any CPU.Build.0 = Release|Any CPU
		{25C6C4F0-70CE-4C2A-B598-05A3DCAD461B}.Debug|Any CPU.ActiveCfg = Debug|Any CPU
		{25C6C4F0-70CE-4C2A-B598-05A3DCAD461B}.Debug|Any CPU.Build.0 = Debug|Any CPU
		{25C6C4F0-70CE-4C2A-B598-05A3DCAD461B}.Release|Any CPU.ActiveCfg = Release|Any CPU
		{25C6C4F0-70CE-4C2A-B598-05A3DCAD461B}.Release|Any CPU.Build.0 = Release|Any CPU
		{68AAE8D9-2F86-4280-BC95-5E7C262F5229}.Debug|Any CPU.ActiveCfg = Debug|Any CPU
		{68AAE8D9-2F86-4280-BC95-5E7C262F5229}.Debug|Any CPU.Build.0 = Debug|Any CPU
		{68AAE8D9-2F86-4280-BC95-5E7C262F5229}.Release|Any CPU.ActiveCfg = Release|Any CPU
		{68AAE8D9-2F86-4280-BC95-5E7C262F5229}.Release|Any CPU.Build.0 = Release|Any CPU
	EndGlobalSection
	GlobalSection(SolutionProperties) = preSolution
		HideSolutionNode = FALSE
	EndGlobalSection
	GlobalSection(ExtensibilityGlobals) = postSolution
		SolutionGuid = {53D3B5FA-D978-4751-ADEF-DE1462E6199C}
	EndGlobalSection
EndGlobal
