
Microsoft Visual Studio Solution File, Format Version 12.00
# Visual Studio Version 17
VisualStudioVersion = 17.3.32804.467
MinimumVisualStudioVersion = 10.0.40219.1
Project("{FAE04EC0-301F-11D3-BF4B-00C04F79EFBC}") = "School", "School\School.csproj", "{8FE94A3F-7DD0-414F-8D6D-4F0C2A3CF760}"
EndProject
Project("{FAE04EC0-301F-11D3-BF4B-00C04F79EFBC}") = "GradesTest", "GradesTest\GradesTest.csproj", "{25C6C4F0-70CE-4C2A-B598-05A3DCAD461B}"
EndProject
Project("{FAE04EC0-301F-11D3-BF4B-00C04F79EFBC}") = "Grades.Web", "Grades.Web\Grades.Web.csproj", "{DD71F076-1078-4415-8DB7-B4375F42248F}"
EndProject
Project("{FAE04EC0-301F-11D3-BF4B-00C04F79EFBC}") = "Grades.DataModel", "Grades.DataModel\Grades.DataModel.csproj", "{65C91E37-695F-40A4-8B04-3D82494C6F6A}"
EndProject
Project("{FAE04EC0-301F-11D3-BF4B-00C04F79EFBC}") = "Grades.WPF", "Grades.WPF\Grades.WPF.csproj", "{7DBE08F6-2CE9-4CEE-B7C8-F52109E0363B}"
EndProject
Global
	GlobalSection(SolutionConfigurationPlatforms) = preSolution
		Debug|Any CPU = Debug|Any CPU
		Debug|x86 = Debug|x86
		Release|Any CPU = Release|Any CPU
		Release|x86 = Release|x86
	EndGlobalSection
	GlobalSection(ProjectConfigurationPlatforms) = postSolution
		{8FE94A3F-7DD0-414F-8D6D-4F0C2A3CF760}.Debug|Any CPU.ActiveCfg = Debug|Any CPU
		{8FE94A3F-7DD0-414F-8D6D-4F0C2A3CF760}.Debug|Any CPU.Build.0 = Debug|Any CPU
		{8FE94A3F-7DD0-414F-8D6D-4F0C2A3CF760}.Debug|x86.ActiveCfg = Debug|Any CPU
		{8FE94A3F-7DD0-414F-8D6D-4F0C2A3CF760}.Debug|x86.Build.0 = Debug|Any CPU
		{8FE94A3F-7DD0-414F-8D6D-4F0C2A3CF760}.Release|Any CPU.ActiveCfg = Release|Any CPU
		{8FE94A3F-7DD0-414F-8D6D-4F0C2A3CF760}.Release|Any CPU.Build.0 = Release|Any CPU
		{8FE94A3F-7DD0-414F-8D6D-4F0C2A3CF760}.Release|x86.ActiveCfg = Release|Any CPU
		{8FE94A3F-7DD0-414F-8D6D-4F0C2A3CF760}.Release|x86.Build.0 = Release|Any CPU
		{25C6C4F0-70CE-4C2A-B598-05A3DCAD461B}.Debug|Any CPU.ActiveCfg = Debug|Any CPU
		{25C6C4F0-70CE-4C2A-B598-05A3DCAD461B}.Debug|Any CPU.Build.0 = Debug|Any CPU
		{25C6C4F0-70CE-4C2A-B598-05A3DCAD461B}.Debug|x86.ActiveCfg = Debug|Any CPU
		{25C6C4F0-70CE-4C2A-B598-05A3DCAD461B}.Debug|x86.Build.0 = Debug|Any CPU
		{25C6C4F0-70CE-4C2A-B598-05A3DCAD461B}.Release|Any CPU.ActiveCfg = Release|Any CPU
		{25C6C4F0-70CE-4C2A-B598-05A3DCAD461B}.Release|Any CPU.Build.0 = Release|Any CPU
		{25C6C4F0-70CE-4C2A-B598-05A3DCAD461B}.Release|x86.ActiveCfg = Release|Any CPU
		{25C6C4F0-70CE-4C2A-B598-05A3DCAD461B}.Release|x86.Build.0 = Release|Any CPU
		{DD71F076-1078-4415-8DB7-B4375F42248F}.Debug|Any CPU.ActiveCfg = Debug|Any CPU
		{DD71F076-1078-4415-8DB7-B4375F42248F}.Debug|Any CPU.Build.0 = Debug|Any CPU
		{DD71F076-1078-4415-8DB7-B4375F42248F}.Debug|x86.ActiveCfg = Debug|Any CPU
		{DD71F076-1078-4415-8DB7-B4375F42248F}.Debug|x86.Build.0 = Debug|Any CPU
		{DD71F076-1078-4415-8DB7-B4375F42248F}.Release|Any CPU.ActiveCfg = Release|Any CPU
		{DD71F076-1078-4415-8DB7-B4375F42248F}.Release|Any CPU.Build.0 = Release|Any CPU
		{DD71F076-1078-4415-8DB7-B4375F42248F}.Release|x86.ActiveCfg = Release|Any CPU
		{DD71F076-1078-4415-8DB7-B4375F42248F}.Release|x86.Build.0 = Release|Any CPU
		{65C91E37-695F-40A4-8B04-3D82494C6F6A}.Debug|Any CPU.ActiveCfg = Debug|Any CPU
		{65C91E37-695F-40A4-8B04-3D82494C6F6A}.Debug|Any CPU.Build.0 = Debug|Any CPU
		{65C91E37-695F-40A4-8B04-3D82494C6F6A}.Debug|x86.ActiveCfg = Debug|Any CPU
		{65C91E37-695F-40A4-8B04-3D82494C6F6A}.Debug|x86.Build.0 = Debug|Any CPU
		{65C91E37-695F-40A4-8B04-3D82494C6F6A}.Release|Any CPU.ActiveCfg = Release|Any CPU
		{65C91E37-695F-40A4-8B04-3D82494C6F6A}.Release|Any CPU.Build.0 = Release|Any CPU
		{65C91E37-695F-40A4-8B04-3D82494C6F6A}.Release|x86.ActiveCfg = Release|Any CPU
		{65C91E37-695F-40A4-8B04-3D82494C6F6A}.Release|x86.Build.0 = Release|Any CPU
		{7DBE08F6-2CE9-4CEE-B7C8-F52109E0363B}.Debug|Any CPU.ActiveCfg = Debug|x86
		{7DBE08F6-2CE9-4CEE-B7C8-F52109E0363B}.Debug|Any CPU.Build.0 = Debug|x86
		{7DBE08F6-2CE9-4CEE-B7C8-F52109E0363B}.Debug|x86.ActiveCfg = Debug|x86
		{7DBE08F6-2CE9-4CEE-B7C8-F52109E0363B}.Debug|x86.Build.0 = Debug|x86
		{7DBE08F6-2CE9-4CEE-B7C8-F52109E0363B}.Release|Any CPU.ActiveCfg = Release|x86
		{7DBE08F6-2CE9-4CEE-B7C8-F52109E0363B}.Release|Any CPU.Build.0 = Release|x86
		{7DBE08F6-2CE9-4CEE-B7C8-F52109E0363B}.Release|x86.ActiveCfg = Release|x86
		{7DBE08F6-2CE9-4CEE-B7C8-F52109E0363B}.Release|x86.Build.0 = Release|x86
	EndGlobalSection
	GlobalSection(SolutionProperties) = preSolution
		HideSolutionNode = FALSE
	EndGlobalSection
	GlobalSection(ExtensibilityGlobals) = postSolution
		SolutionGuid = {53D3B5FA-D978-4751-ADEF-DE1462E6199C}
	EndGlobalSection
EndGlobal
